{
  "name": "hello-express",
  "version": "0.0.1",
  "lockfileVersion": 1,
  "requires": true,
  "dependencies": {
    "args": {
      "version": "5.0.1",
      "requires": {
        "camelcase": "5.0.0",
        "chalk": "2.4.2",
        "leven": "2.1.0",
        "mri": "1.1.4"
      }
    },
    "canvacord": {
      "version": "5.2.0",
      "requires": {
        "@canvacord/assets": "^1.0.2",
        "@canvacord/emoji-parser": "^1.0.1",
        "canvas": "^2.7.0",
        "gifencoder": "^2.0.1",
        "moment": "^2.29.1",
        "moment-duration-format": "^2.3.2"
      }
    },
    "canvas": {
      "version": "2.7.0",
      "resolved": "https://registry.npmjs.org/canvas/-/canvas-2.7.0.tgz",
      "integrity": "sha512-pzCxtkHb+5su5MQjTtepMDlIOtaXo277x0C0u3nMOxtkhTyQ+h2yNKhlROAaDllWgRyePAUitC08sXw26Eb6aw==",
      "requires": {
        "nan": "^2.14.0",
        "node-pre-gyp": "^0.15.0",
        "simple-get": "^3.0.3"
      }
    },
    "client": {
      "version": "0.0.1",
      "requires": {
        "backoff": "^2.4.0",
        "cookie": "^0.1.2",
        "getenv": "~0.3.0",
        "q": "~0.9.7",
        "restler": "~2.0.1",
        "socket.io-client": "~1.0.6",
        "underscore": "^1.6.0",
        "winston": "^0.7.3"
      }
    },
    "command": {
      "version": "0.0.5",
      "requires": {
        "merge-recursive": "0.0.3",
        "which": "1.0.5"
      }
    },
    "common-tags": {
      "version": "1.8.0"
    },
    "discord-giveaways": {
      "version": "4.5.0",
      "requires": {
        "deepmerge": "^4.2.2",
        "serialize-javascript": "^5.0.1"
      }
    },
    "discord.js": {
      "version": "12.5.3",
      "requires": {
        "@discordjs/collection": "^0.1.6",
        "@discordjs/form-data": "^3.0.1",
        "abort-controller": "^3.0.0",
        "node-fetch": "^2.6.1",
        "prism-media": "^1.2.9",
        "setimmediate": "^1.0.5",
        "tweetnacl": "^1.0.3",
        "ws": "^7.4.4"
      }
    },
    "express": {
      "version": "4.17.1",
      "requires": {
        "accepts": "~1.3.7",
        "array-flatten": "1.1.1",
        "body-parser": "1.19.0",
        "content-disposition": "0.5.3",
        "content-type": "~1.0.4",
        "cookie": "0.4.0",
        "cookie-signature": "1.0.6",
        "debug": "2.6.9",
        "depd": "~1.1.2",
        "encodeurl": "~1.0.2",
        "escape-html": "~1.0.3",
        "etag": "~1.8.1",
        "finalhandler": "~1.1.2",
        "fresh": "0.5.2",
        "merge-descriptors": "1.0.1",
        "methods": "~1.1.2",
        "on-finished": "~2.3.0",
        "parseurl": "~1.3.3",
        "path-to-regexp": "0.1.7",
        "proxy-addr": "~2.0.5",
        "qs": "6.7.0",
        "range-parser": "~1.2.1",
        "safe-buffer": "5.1.2",
        "send": "0.17.1",
        "serve-static": "1.14.1",
        "setprototypeof": "1.1.1",
        "statuses": "~1.5.0",
        "type-is": "~1.6.18",
        "utils-merge": "1.0.1",
        "vary": "~1.1.2"
      }
    },
    "ffmpeg": {
      "version": "0.0.4",
      "requires": {
        "when": ">= 0.0.1"
      }
    },
    "foreach": {
      "version": "2.0.5"
    },
    "fs": {
      "version": "0.0.2"
    },
    "google-tts-api": {
      "version": "2.0.2",
      "requires": {
        "axios": "^0.21.0"
      }
    },
    "loader.js": {
      "version": "4.7.0"
    },
    "moment": {
      "version": "2.29.1"
    },
    "moment-duration-format": {
      "version": "2.3.2"
    },
    "ms": {
      "version": "2.1.3"
    },
    "nan": {
      "version": "2.14.2"
    },
    "node-opus": {
      "version": "0.3.3",
      "requires": {
        "bindings": "~1.2.1",
        "commander": "^2.9.0",
        "nan": "^2.14.0",
        "ogg-packet": "^1.0.0"
      }
    },
    "node-pre-gyp": {
      "version": "0.15.0",
      "requires": {
        "detect-libc": "^1.0.2",
        "mkdirp": "^0.5.3",
        "needle": "^2.5.0",
        "nopt": "^4.0.1",
        "npm-packlist": "^1.1.6",
        "npmlog": "^4.0.2",
        "rc": "^1.2.7",
        "rimraf": "^2.6.1",
        "semver": "^5.3.0",
        "tar": "^4.4.2"
      }
    },
    "node-superfetch": {
      "version": "0.2.2",
      "requires": {
        "form-data": "^4.0.0",
        "node-fetch": "^2.6.1"
      }
    },
    "noflo-nodejs": {
      "version": "0.15.1",
      "requires": {
        "cli-color": "^2.0.0",
        "clone": "^2.1.1",
        "commander": "^6.1.0",
        "debounce-promise": "^3.1.2",
        "fbp-graph": "^0.7.0",
        "flowhub-registry": "^0.2.0",
        "mdns-js": "^1.0.3",
        "noflo": "^1.4.0",
        "noflo-runtime-base": "^0.13.1",
        "noflo-runtime-webrtc": "^0.13.0",
        "noflo-runtime-websocket": "^0.13.0",
        "open": "^7.2.1",
        "password-generator": "^2.2.0",
        "slug": "^4.0.2",
        "uuid": "^8.1.0"
      }
    },
    "path": {
      "version": "0.12.7",
      "requires": {
        "process": "^0.11.1",
        "util": "^0.10.3"
      }
    },
    "quick.db": {
      "version": "7.1.3",
      "requires": {
        "better-sqlite3": "^7.1.1",
        "lodash": "^4.17.20"
      }
    },
    "request": {
      "version": "2.88.2",
      "requires": {
        "aws-sign2": "~0.7.0",
        "aws4": "^1.8.0",
        "caseless": "~0.12.0",
        "combined-stream": "~1.0.6",
        "extend": "~3.0.2",
        "forever-agent": "~0.6.1",
        "form-data": "~2.3.2",
        "har-validator": "~5.1.3",
        "http-signature": "~1.2.0",
        "is-typedarray": "~1.0.0",
        "isstream": "~0.1.2",
        "json-stringify-safe": "~5.0.1",
        "mime-types": "~2.1.19",
        "oauth-sign": "~0.9.0",
        "performance-now": "^2.1.0",
        "qs": "~6.5.2",
        "safe-buffer": "^5.1.2",
        "tough-cookie": "~2.5.0",
        "tunnel-agent": "^0.6.0",
        "uuid": "^3.3.2"
      }
    },
    "simple-get": {
      "version": "3.1.0",
      "requires": {
        "decompress-response": "^4.2.0",
        "once": "^1.3.1",
        "simple-concat": "^1.0.0"
      }
    },
    "superagent": {
      "version": "6.1.0",
      "requires": {
        "component-emitter": "^1.3.0",
        "cookiejar": "^2.1.2",
        "debug": "^4.1.1",
        "fast-safe-stringify": "^2.0.7",
        "form-data": "^3.0.0",
        "formidable": "^1.2.2",
        "methods": "^1.1.2",
        "mime": "^2.4.6",
        "qs": "^6.9.4",
        "readable-stream": "^3.6.0",
        "semver": "^7.3.2"
      }
    },
    "tags": {
      "version": "2.0.10",
      "requires": {
        "babel-preset-react": "^6.24.1",
        "create-react-class": "^15.6.2",
        "lodash": "^4.17.4",
        "react": "^16.0.0",
        "react-dom": "^16.0.0",
        "webfontloader": "^1.6.16"
      }
    },
    "user-instagram": {
      "version": "2.1.9",
      "requires": {
        "axios": "^0.21.0"
      }
    },
    "utils": {
      "version": "0.3.1",
      "requires": {
        "any": "^1.0.0",
        "arr-diff": "^1.1.0",
        "arr-flatten": "^1.0.1",
        "arr-map": "^2.0.0",
        "arr-union": "^3.0.0",
        "array-each": "^0.1.1",
        "array-slice": "^0.2.3",
        "array-unique": "^0.2.1",
        "center-align": "^0.1.1",
        "export-dirs": "^0.2.4",
        "export-files": "^2.1.0",
        "for-in": "^0.1.4",
        "for-own": "^0.1.3",
        "has-values": "^0.1.3",
        "is-number": "^2.0.2",
        "is-plain-object": "^2.0.1",
        "kind-of": "^2.0.1",
        "make-iterator": "^0.2.0",
        "object.defaults": "^0.3.0",
        "object.filter": "^0.3.0",
        "object.omit": "^2.0.0",
        "object.pick": "^1.1.1",
        "object.reduce": "^0.1.7",
        "right-align": "^0.1.3",
        "striptags": "^2.0.3",
        "word-wrap": "^1.1.0"
      }
    },
    "weather-js": {
      "version": "2.0.0",
      "requires": {
        "request": "2.x.x",
        "xml2js": "0.4.x"
      }
    },
    "weather.js": {
      "version": "0.1.0"
    },
    "wio.db": {
      "version": "4.0.20",
      "requires": {
        "lodash": "^4.17.21",
        "yaml": "^1.10.2"
      }
    },
    "ytdl-core": {
      "version": "4.5.0",
      "requires": {
        "m3u8stream": "^0.8.3",
        "miniget": "^4.0.0",
        "sax": "^1.1.3"
      }
    }
  }
}
